{
  "name": "carwellness",
  "version": "1.0.0",
  "lockfileVersion": 1,
  "requires": true,
  "dependencies": {
    "@react-pdf/renderer": {
      "version": "1.4.2",
      "resolved": "https://registry.npmjs.org/@react-pdf/renderer/-/renderer-1.4.2.tgz",
      "integrity": "sha512-sgubvcok0wa0oVhreh8Oe2u/1TLCtPfGHNJtdNW50I4j8gQKXYKyV8rd6WwD3DO2xSkjbTRZ940DnhFHFw2I/A=="
    },
    "@types/babel-types": {
      "version": "7.0.1",
      "resolved": "https://registry.npmjs.org/@types/babel-types/-/babel-types-7.0.1.tgz",
      "integrity": "sha512-EkcOk09rjhivbovP8WreGRbXW20YRfe/qdgXOGq3it3u3aAOWDRNsQhL/XPAWFF7zhZZ+uR+nT+3b+TCkIap1w==",
      "dev": true
    },
    "@types/bcryptjs": {
      "version": "2.4.1",
      "resolved": "https://registry.npmjs.org/@types/bcryptjs/-/bcryptjs-2.4.1.tgz",
      "integrity": "sha512-CVJ8ExtzUQJzLJbEk/lWrHD3MTvstTodjWidcH23gCii5WSD0z1TPSLqSdtbn5eCDw+DxfKgoUALi+loe8ftXA==",
      "dev": true
    },
    "@types/bootstrap": {
      "version": "4.1.0",
      "resolved": "https://registry.npmjs.org/@types/bootstrap/-/bootstrap-4.1.0.tgz",
      "integrity": "sha512-ruk0jxeN8rPUOJ2ja7QptXHUDgVMXpIdxHKoGgRUuNWiItuSqqFELmCwFO5t1IPaF1x3D4/qP0+eqa11+KR7GQ==",
      "dev": true
    },
    "@types/express": {
      "version": "4.11.1",
      "resolved": "https://registry.npmjs.org/@types/express/-/express-4.11.1.tgz",
      "integrity": "sha512-ttWle8cnPA5rAelauSWeWJimtY2RsUf2aspYZs7xPHiWgOlPn6nnUfBMtrkcnjFJuIHJF4gNOdVvpLK2Zmvh6g==",
      "dev": true
    },
    "@types/helmet": {
      "version": "0.0.37",
      "resolved": "https://registry.npmjs.org/@types/helmet/-/helmet-0.0.37.tgz",
      "integrity": "sha512-E45vdnx+7+HIN5jsywhzfd+hUI/2yBFr6RT7tsMVrwp+uTvyVANBf4dyVUNW/+ZqAvcx23t2YtGTndQJR3tXIA==",
      "dev": true
    },
    "@types/jquery": {
      "version": "3.3.1",
      "resolved": "https://registry.npmjs.org/@types/jquery/-/jquery-3.3.1.tgz",
      "integrity": "sha512-N3h+rzN518yl2xKrW0o6KKdNmWZ+OwG6SoM5TBEQFF0tTv5wXPEsoOuYQ2Kt3/89XbcSZUJLdjiT/2c3BR/ApQ==",
      "dev": true
    },
    "@types/jsonwebtoken": {
      "version": "7.2.7",
      "resolved": "https://registry.npmjs.org/@types/jsonwebtoken/-/jsonwebtoken-7.2.7.tgz",
      "integrity": "sha512-lq9X76APpxGJDUe1VptL1P5GrogqhPCH+SDy94+gaBJw7Hhj6hwrVC6zuxAx2GrgktkBuwydESZBvPfrdBoOEg==",
      "dev": true
    },
    "@types/mongodb": {
      "version": "3.0.18",
      "resolved": "https://registry.npmjs.org/@types/mongodb/-/mongodb-3.0.18.tgz",
      "integrity": "sha512-0LflLyhsCEMOSiqcTb7QYl/VQv3m0acU0ouI7sPmyNmL4P1JNldiJZsNcmIliLyHFaKTQ3Rb+BJtUBLzlVhKzg==",
      "dev": true
    },
    "@types/mongoose": {
      "version": "5.0.12",
      "resolved": "https://registry.npmjs.org/@types/mongoose/-/mongoose-5.0.12.tgz",
      "integrity": "sha512-uRy65g/muXayu6sZm9irHQymwvBveMP5kIqYzqFLGGzPHh5m9YW/Yl7e/XKNgyWJ5+4XoE5eVsGEmovLFqoqSg==",
      "dev": true
    },
    "@types/node": {
      "version": "10.0.4",
      "resolved": "https://registry.npmjs.org/@types/node/-/node-10.0.4.tgz",
      "integrity": "sha512-RisaZmcmCLjRipAY7nVi3fmkIk4Z0JMn8YHdGF6qYMsIDpD0dfzz+3yy2dL5Q5aHWOnqPx51IRxkA44myknJvw==",
      "dev": true
    },
    "@types/nodemailer": {
      "version": "4.6.0",
      "resolved": "https://registry.npmjs.org/@types/nodemailer/-/nodemailer-4.6.0.tgz",
      "integrity": "sha512-DWG172izmWXfShUm2Lm6nVght5TxDI1cx2cKiGPeu2f66yTnn0QY7WhC9OSybdPoxGu7UbRXNuIkIzB+NE648A==",
      "dev": true
    },
    "@types/react": {
      "version": "16.8.6",
      "resolved": "https://registry.npmjs.org/@types/react/-/react-16.8.6.tgz",
      "integrity": "sha512-bN9qDjEMltmHrl0PZRI4IF2AbB7V5UlRfG+OOduckVnRQ4VzXVSzy/1eLAh778IEqhTnW0mmgL9yShfinNverA==",
      "dev": true
    },
    "@types/react-dom": {
      "version": "16.0.5",
      "resolved": "https://registry.npmjs.org/@types/react-dom/-/react-dom-16.0.5.tgz",
      "integrity": "sha512-ony2hEYlGXCLWNAWWgbsHR7qVvDbeMRFc5b43+7dhj3n+zXzxz81HV9Yjpc3JD8vLCiwYoSLqFCI6bD0+0zG2Q==",
      "dev": true
    },
    "@types/socket.io": {
      "version": "1.4.33",
      "resolved": "https://registry.npmjs.org/@types/socket.io/-/socket.io-1.4.33.tgz",
      "integrity": "sha512-5B7fqv/VppCRyYaikMbVlOjy2sXpFxk3AiEyUBnm9HFJrJ8Roej+rekflxsY/la2+shXUWw0s8sRi0jbfQJvIw==",
      "dev": true
    },
    "@types/socket.io-client": {
      "version": "1.4.32",
      "resolved": "https://registry.npmjs.org/@types/socket.io-client/-/socket.io-client-1.4.32.tgz",
      "integrity": "sha512-Vs55Kq8F+OWvy1RLA31rT+cAyemzgm0EWNeax6BWF8H7QiiOYMJIdcwSDdm5LVgfEkoepsWkS+40+WNb7BUMbg==",
      "dev": true
    },
    "accepts": {
      "version": "1.3.5",
      "resolved": "https://registry.npmjs.org/accepts/-/accepts-1.3.5.tgz",
      "integrity": "sha1-63d99gEXI6OxTopywIBcjoZ0a9I="
    },
    "after": {
      "version": "0.8.2",
      "resolved": "https://registry.npmjs.org/after/-/after-0.8.2.tgz",
      "integrity": "sha1-/ts5T58OAqqXaOcCvaI7UF+ufh8="
    },
    "arraybuffer.slice": {
      "version": "0.0.7",
      "resolved": "https://registry.npmjs.org/arraybuffer.slice/-/arraybuffer.slice-0.0.7.tgz",
      "integrity": "sha512-wGUIVQXuehL5TCqQun8OW81jGzAWycqzFF8lFp+GOM5BXLYj3bKNsYC4daB7n6XjCqxQA/qgTJ+8ANR3acjrog=="
    },
    "awesome-typescript-loader": {
      "version": "5.0.0",
      "resolved": "https://registry.npmjs.org/awesome-typescript-loader/-/awesome-typescript-loader-5.0.0.tgz",
      "integrity": "sha512-/80vlBnWp5IlERQ0sxRDQfz5voqht02MRNgUdbn90rKHrope6eh0PYr0qepD2TpYYnCSvq0DzdWc8udHM0KefA==",
      "dev": true
    },
    "backo2": {
      "version": "1.0.2",
      "resolved": "https://registry.npmjs.org/backo2/-/backo2-1.0.2.tgz",
      "integrity": "sha1-MasayLEpNjRj41s+u2n038+6eUc="
    },
    "bcryptjs": {
      "version": "2.4.3",
      "resolved": "https://registry.npmjs.org/bcryptjs/-/bcryptjs-2.4.3.tgz",
      "integrity": "sha1-mrVie5PmBiH/fNrF2pczAn3x0Ms="
    },
    "body-parser": {
      "version": "1.18.2",
      "resolved": "https://registry.npmjs.org/body-parser/-/body-parser-1.18.2.tgz",
      "integrity": "sha1-h2eKGdhLR9hZuDGZvVm84iKxBFQ="
    },
    "component-bind": {
      "version": "1.0.0",
      "resolved": "https://registry.npmjs.org/component-bind/-/component-bind-1.0.0.tgz",
      "integrity": "sha1-AMYIq33Nk4l8AAllGx06jh5zu9E="
    },
    "component-inherit": {
      "version": "0.0.3",
      "resolved": "https://registry.npmjs.org/component-inherit/-/component-inherit-0.0.3.tgz",
      "integrity": "sha1-ZF/ErfWLcrZJ1crmUTVhnbJv8UM="
    },
    "compression": {
      "version": "1.7.2",
      "resolved": "http://registry.npmjs.org/compression/-/compression-1.7.2.tgz",
      "integrity": "sha1-qv+81qr4VLROuygDU9WtFlH1mmk=",
      "dev": true
    },
    "express": {
      "version": "4.16.3",
      "resolved": "https://registry.npmjs.org/express/-/express-4.16.3.tgz",
      "integrity": "sha1-avilAjUNsyRuzEvs9rWjTSL37VM="
    },
    "gulp": {
      "version": "3.9.1",
      "resolved": "https://registry.npmjs.org/gulp/-/gulp-3.9.1.tgz",
      "integrity": "sha1-VxzkWSjdQK9lFPxAEYZgFsE4RbQ=",
      "dev": true,
      "dependencies": {
        "ansi-regex": {
          "version": "2.1.1",
          "resolved": "https://registry.npmjs.org/ansi-regex/-/ansi-regex-2.1.1.tgz",
          "integrity": "sha1-w7M6te42DYbg5ijwRorn7yfWVN8="
        },
        "ansi-styles": {
          "version": "2.2.1",
          "resolved": "https://registry.npmjs.org/ansi-styles/-/ansi-styles-2.2.1.tgz",
          "integrity": "sha1-tDLdM1i2NM914eRmQ2gkBTPB3b4="
        },
        "chalk": {
          "version": "1.1.3",
          "resolved": "https://registry.npmjs.org/chalk/-/chalk-1.1.3.tgz",
          "integrity": "sha1-qBFcVeSnAv5NFQq9OHKCKn4J/Jg="
        },
        "minimist": {
          "version": "1.2.0",
          "resolved": "https://registry.npmjs.org/minimist/-/minimist-1.2.0.tgz",
          "integrity": "sha1-o1AIsg9BOD7sH7kU9M1d95omQoQ="
        },
        "semver": {
          "version": "4.3.6",
          "resolved": "https://registry.npmjs.org/semver/-/semver-4.3.6.tgz",
          "integrity": "sha1-MAvG4OhjdPe6YQaLWx7NV/xlMto="
        },
        "strip-ansi": {
          "version": "3.0.1",
          "resolved": "https://registry.npmjs.org/strip-ansi/-/strip-ansi-3.0.1.tgz",
          "integrity": "sha1-ajhfuIU9lS1f8F0Oiq+UJ43GPc8="
        },
        "supports-color": {
          "version": "2.0.0",
          "resolved": "https://registry.npmjs.org/supports-color/-/supports-color-2.0.0.tgz",
          "integrity": "sha1-U10EXOa2Nj+kARcIRimZXp3zJMc="
        }
      }
    },
    "gulp-rename": {
      "version": "1.2.3",
      "resolved": "https://registry.npmjs.org/gulp-rename/-/gulp-rename-1.2.3.tgz",
      "integrity": "sha512-CmdPM0BjJ105QCX1fk+j7NGhiN/1rCl9HLGss+KllBS/tdYadpjTxqdKyh/5fNV+M3yjT1MFz5z93bXdrTyzAw==",
      "dev": true
    },
    "gulp-uglify": {
      "version": "3.0.0",
      "resolved": "https://registry.npmjs.org/gulp-uglify/-/gulp-uglify-3.0.0.tgz",
      "integrity": "sha1-DfAzHXKg0wLj434QlIXd3zPG0co=",
      "dev": true,
      "dependencies": {
        "commander": {
          "version": "2.15.1",
          "resolved": "https://registry.npmjs.org/commander/-/commander-2.15.1.tgz",
          "integrity": "sha512-VlfT9F3V0v+jr4yxPc5gg9s62/fIVWsd2Bk2iD435um1NlGMYdVCq+MjcXnhYq2icNOizHr1kK+5TI6H0Hy0ag=="
        },
        "source-map": {
          "version": "0.6.1",
          "resolved": "https://registry.npmjs.org/source-map/-/source-map-0.6.1.tgz",
          "integrity": "sha512-UjgapumWlbMhkBgzT7Ykc5YXUT46F0iKu8SGXq0bcwP5dz/h0Plj6enJqjz1Zbq2l5WaqYnrVbwWOWMyF3F47g=="
        },
        "uglify-js": {
          "version": "3.3.28",
          "resolved": "https://registry.npmjs.org/uglify-js/-/uglify-js-3.3.28.tgz",
          "integrity": "sha512-68Rc/aA6cswiaQ5SrE979UJcXX+ADA1z33/ZsPd+fbAiVdjZ16OXdbtGO+rJUUBgK6qdf3SOPhQf3K/ybF5Miw=="
        }
      }
    },
    "gulp-uncss": {
      "version": "1.0.6",
      "resolved": "https://registry.npmjs.org/gulp-uncss/-/gulp-uncss-1.0.6.tgz",
      "integrity": "sha1-eQa2QsRtqXh8F1lejVGYIdHgqRs=",
      "dev": true
    },
    "has-binary2": {
      "version": "1.0.3",
      "resolved": "https://registry.npmjs.org/has-binary2/-/has-binary2-1.0.3.tgz",
      "integrity": "sha512-G1LWKhDSvhGeAQ8mPVQlqNcOB2sJdwATtZKl2pDKKHfpf/rYj24lkinxf69blJbnsvtqqNU+L3SL50vzZhXOnw==",
      "dependencies": {
        "isarray": {
          "version": "2.0.1",
          "resolved": "https://registry.npmjs.org/isarray/-/isarray-2.0.1.tgz",
          "integrity": "sha1-o32U7ZzaLVmGXJ92/llu4fM4dB4="
        }
      }
    },
    "has-cors": {
      "version": "1.1.0",
      "resolved": "https://registry.npmjs.org/has-cors/-/has-cors-1.1.0.tgz",
      "integrity": "sha1-XkdHk/fqmEPRu5nCPu9J/xJv/zk="
    },
    "helmet": {
      "version": "3.12.0",
      "resolved": "https://registry.npmjs.org/helmet/-/helmet-3.12.0.tgz",
      "integrity": "sha512-CgkctpvreQLL6X3EL2Igs/92+75ZFIsrob9/Rdwf2hQCBGH/DxLk4xFPxAAl6jYnnus/YXfFEVXHEJf8TJTwlA=="
    },
    "history": {
      "version": "4.7.2",
      "resolved": "https://registry.npmjs.org/history/-/history-4.7.2.tgz",
      "integrity": "sha512-1zkBRWW6XweO0NBcjiphtVJVsIQ+SXF29z9DVkceeaSLVMFXHool+fdCZD4spDCfZJCILPILc3bm7Bc+HRi0nA=="
    },
    "indexof": {
      "version": "0.0.1",
      "resolved": "https://registry.npmjs.org/indexof/-/indexof-0.0.1.tgz",
      "integrity": "sha1-gtwzbSMrkGIXnQWrMpOmYFn9Q10="
    },
    "jsonwebtoken": {
      "version": "8.2.1",
      "resolved": "https://registry.npmjs.org/jsonwebtoken/-/jsonwebtoken-8.2.1.tgz",
      "integrity": "sha512-l8rUBr0fqYYwPc8/ZGrue7GiW7vWdZtZqelxo4Sd5lMvuEeCK8/wS54sEo6tJhdZ6hqfutsj6COgC0d1XdbHGw==",
      "dependencies": {
        "ms": {
          "version": "2.1.1",
          "resolved": "https://registry.npmjs.org/ms/-/ms-2.1.1.tgz",
          "integrity": "sha512-tgp+dl5cGk28utYktBsrFqA7HKgrhgPsg6Z/EfhWI4gl1Hwq8B/GmY/0oXZ6nF8hDVesS/FpnYaD/kOWhYQvyg=="
        }
      }
    },
    "jspdf": {
      "version": "1.5.3",
      "resolved": "https://registry.npmjs.org/jspdf/-/jspdf-1.5.3.tgz",
      "integrity": "sha512-J9X76xnncMw+wIqb15HeWfPMqPwYxSpPY8yWPJ7rAZN/ZDzFkjCSZObryCyUe8zbrVRNiuCnIeQteCzMn7GnWw=="
    },
    "mongoose": {
      "version": "5.0.17",
      "resolved": "https://registry.npmjs.org/mongoose/-/mongoose-5.0.17.tgz",
      "integrity": "sha512-RV1WBQhzW7oOhStR+s7LQYfgQWTJm4hgmU3TqtgTiBCfnj5/sNliX2/SY+ef7tpIZRUqEBV5xITZdAlwQ6Ymdg=="
    },
    "morgan": {
      "version": "1.9.0",
      "resolved": "https://registry.npmjs.org/morgan/-/morgan-1.9.0.tgz",
      "integrity": "sha1-0B+mxlhZt2/PMbPLU6OCGjEdgFE=",
      "dev": true
    },
    "nodemailer": {
      "version": "4.7.0",
      "resolved": "https://registry.npmjs.org/nodemailer/-/nodemailer-4.7.0.tgz",
      "integrity": "sha512-IludxDypFpYw4xpzKdMAozBSkzKHmNBvGanUREjJItgJ2NYcK/s8+PggVhj7c2yGFQykKsnnmv1+Aqo0ZfjHmw=="
    },
    "pug": {
      "version": "2.0.3",
      "resolved": "https://registry.npmjs.org/pug/-/pug-2.0.3.tgz",
      "integrity": "sha1-ccuoJTfJWl6rftBGluQiH1Oqh44="
    },
    "react": {
      "version": "16.8.6",
      "resolved": "https://registry.npmjs.org/react/-/react-16.8.6.tgz",
      "integrity": "sha512-pC0uMkhLaHm11ZSJULfOBqV4tIZkx87ZLvbbQYunNixAAvjnC+snJCg0XQXn9VIsttVsbZP/H/ewzgsd5fxKXw==",
      "dependencies": {
        "prop-types": {
          "version": "15.7.2",
          "resolved": "https://registry.npmjs.org/prop-types/-/prop-types-15.7.2.tgz",
          "integrity": "sha512-8QQikdH7//R2vurIJSutZ1smHYTcLpRWEOlHnzcWHmBYrOGUysKwSsrC89BCiFj3CbrfJ/nXFdJepOVrY1GCHQ==",
          "dependencies": {
            "loose-envify": {
              "version": "1.4.0",
              "resolved": "https://registry.npmjs.org/loose-envify/-/loose-envify-1.4.0.tgz",
              "integrity": "sha512-lyuxPGr/Wfhrlem2CL/UcnUc1zcqKAImBDzukY7Y5F/yQiNdko6+fRLevlw1HgMySw7f611UIY408EtxRSoK3Q=="
            }
          }
        }
      }
    },
    "react-calendar": {
      "version": "2.14.0",
      "resolved": "https://registry.npmjs.org/react-calendar/-/react-calendar-2.14.0.tgz",
      "integrity": "sha1-A//ODW5kBS5VKqr90ULRdk7Yi0U="
    },
    "react-datepicker": {
      "version": "2.3.0",
      "resolved": "https://registry.npmjs.org/react-datepicker/-/react-datepicker-2.3.0.tgz",
      "integrity": "sha512-sgauGBTUlVrne5oHuYeLhBtKy2YOuEbPo/rXRTuxP/dRJNkHpXQ+ZfRmiJDX30mh/+EGRW5ORLVGhD1YgLbEiA==",
      "dependencies": {
        "date-fns": {
          "version": "2.0.0-alpha.27",
          "resolved": "https://registry.npmjs.org/date-fns/-/date-fns-2.0.0-alpha.27.tgz",
          "integrity": "sha512-cqfVLS+346P/Mpj2RpDrBv0P4p2zZhWWvfY5fuWrXNR/K38HaAGEkeOwb47hIpQP9Jr/TIxjZ2/sNMQwdXuGMg=="
        }
      }
    },
    "react-dom": {
      "version": "16.8.6",
      "resolved": "https://registry.npmjs.org/react-dom/-/react-dom-16.8.6.tgz",
      "integrity": "sha512-1nL7PIq9LTL3fthPqwkvr2zY7phIPjYrT0jp4HjyEQrEROnw4dG41VVwi/wfoCneoleqrNX7iAD+pXebJZwrwA==",
      "dependencies": {
        "prop-types": {
          "version": "15.7.2",
          "resolved": "https://registry.npmjs.org/prop-types/-/prop-types-15.7.2.tgz",
          "integrity": "sha512-8QQikdH7//R2vurIJSutZ1smHYTcLpRWEOlHnzcWHmBYrOGUysKwSsrC89BCiFj3CbrfJ/nXFdJepOVrY1GCHQ==",
          "dependencies": {
            "loose-envify": {
              "version": "1.4.0",
              "resolved": "https://registry.npmjs.org/loose-envify/-/loose-envify-1.4.0.tgz",
              "integrity": "sha512-lyuxPGr/Wfhrlem2CL/UcnUc1zcqKAImBDzukY7Y5F/yQiNdko6+fRLevlw1HgMySw7f611UIY408EtxRSoK3Q=="
            }
          }
        }
      }
    },
    "react-router": {
      "version": "4.2.0",
      "resolved": "https://registry.npmjs.org/react-router/-/react-router-4.2.0.tgz",
      "integrity": "sha512-DY6pjwRhdARE4TDw7XjxjZsbx9lKmIcyZoZ+SDO7SBJ1KUeWNxT22Kara2AC7u6/c2SYEHlEDLnzBCcNhLE8Vg==",
      "dependencies": {
        "isarray": {
          "version": "0.0.1",
          "resolved": "https://registry.npmjs.org/isarray/-/isarray-0.0.1.tgz",
          "integrity": "sha1-ihis/Kmo9Bd+Cav8YDiTmwXR7t8="
        },
        "path-to-regexp": {
          "version": "1.7.0",
          "resolved": "https://registry.npmjs.org/path-to-regexp/-/path-to-regexp-1.7.0.tgz",
          "integrity": "sha1-Wf3g9DW62suhA6hOnTvGTpa5k30="
        }
      }
    },
    "react-router-dom": {
      "version": "4.2.2",
      "resolved": "https://registry.npmjs.org/react-router-dom/-/react-router-dom-4.2.2.tgz",
      "integrity": "sha512-cHMFC1ZoLDfEaMFoKTjN7fry/oczMgRt5BKfMAkTu5zEuJvUiPp1J8d0eXSVTnBh6pxlbdqDhozunOOLtmKfPA=="
    },
    "sass": {
      "version": "1.3.2",
      "resolved": "https://registry.npmjs.org/sass/-/sass-1.3.2.tgz",
      "integrity": "sha512-1dBIuVtEc5lcgHaEUY8FE50YlTZB59pyodpaVoPkBppxm9JcE6X2u+IcVitMxoQnvJvpjk8esR7UlnbNmFTH+Q==",
      "dev": true
    },
    "socket.io": {
      "version": "2.4.0",
      "resolved": "https://registry.npmjs.org/socket.io/-/socket.io-2.4.0.tgz",
      "integrity": "sha512-9UPJ1UTvKayuQfVv2IQ3k7tCQC/fboDyIK62i99dAQIyHKaBsNdTpwHLgKJ6guRWxRtC9H+138UwpaGuQO9uWQ==",
      "requires": {
        "debug": "~4.1.0",
        "engine.io": "~3.5.0",
        "has-binary2": "~1.0.2",
        "socket.io-adapter": "~1.1.0",
        "socket.io-client": "2.4.0",
        "socket.io-parser": "~3.4.0"
      },
      "dependencies": {
        "base64-arraybuffer": {
          "version": "0.1.4",
          "resolved": "https://registry.npmjs.org/base64-arraybuffer/-/base64-arraybuffer-0.1.4.tgz",
          "integrity": "sha1-mBjHngWbE1X5fgQooBfIOOkLqBI="
        },
        "base64id": {
          "version": "2.0.0",
          "resolved": "https://registry.npmjs.org/base64id/-/base64id-2.0.0.tgz",
          "integrity": "sha512-lGe34o6EHj9y3Kts9R4ZYs/Gr+6N7MCaMlIFA3F1R2O5/m7K06AxfSeO5530PEERE6/WyEg3lsuyw4GHlPZHog=="
        },
        "blob": {
          "version": "0.0.5",
          "resolved": "https://registry.npmjs.org/blob/-/blob-0.0.5.tgz",
          "integrity": "sha512-gaqbzQPqOoamawKg0LGVd7SzLgXS+JH61oWprSLH+P+abTczqJbhTR8CmJ2u9/bUYNmHTGJx/UEmn6doAvvuig=="
        },
        "component-emitter": {
          "version": "1.3.0",
          "resolved": "https://registry.npmjs.org/component-emitter/-/component-emitter-1.3.0.tgz",
          "integrity": "sha512-Rd3se6QB+sO1TwqZjscQrurpEPIfO0/yYnSin6Q/rD3mOutHvUrCAhJub3r90uNb+SESBuE0QYoB90YdfatsRg=="
        },
        "cookie": {
          "version": "0.4.1",
          "resolved": "https://registry.npmjs.org/cookie/-/cookie-0.4.1.tgz",
          "integrity": "sha512-ZwrFkGJxUR3EIoXtO+yVE69Eb7KlixbaeAWfBQB9vVsNn/o+Yw69gBWSSDK825hQNdN+wF8zELf3dFNl/kxkUA=="
        },
        "debug": {
          "version": "4.1.1",
          "resolved": "https://registry.npmjs.org/debug/-/debug-4.1.1.tgz",
          "integrity": "sha512-pYAIzeRo8J6KPEaJ0VWOh5Pzkbw/RetuzehGM7QRRX5he4fPHx2rdKMB256ehJCkX+XRQm16eZLqLNS8RSZXZw==",
          "requires": {
            "ms": "^2.1.1"
          }
        },
        "engine.io": {
          "version": "3.5.0",
          "resolved": "https://registry.npmjs.org/engine.io/-/engine.io-3.5.0.tgz",
          "integrity": "sha512-21HlvPUKaitDGE4GXNtQ7PLP0Sz4aWLddMPw2VTyFz1FVZqu/kZsJUO8WNpKuE/OCL7nkfRaOui2ZCJloGznGA==",
          "requires": {
            "accepts": "~1.3.4",
            "base64id": "2.0.0",
            "cookie": "~0.4.1",
            "debug": "~4.1.0",
            "engine.io-parser": "~2.2.0",
            "ws": "~7.4.2"
          }
        },
        "engine.io-client": {
          "version": "3.5.0",
          "resolved": "https://registry.npmjs.org/engine.io-client/-/engine.io-client-3.5.0.tgz",
          "integrity": "sha512-12wPRfMrugVw/DNyJk34GQ5vIVArEcVMXWugQGGuw2XxUSztFNmJggZmv8IZlLyEdnpO1QB9LkcjeWewO2vxtA==",
          "requires": {
            "component-emitter": "~1.3.0",
            "component-inherit": "0.0.3",
            "debug": "~3.1.0",
            "engine.io-parser": "~2.2.0",
            "has-cors": "1.1.0",
            "indexof": "0.0.1",
            "parseqs": "0.0.6",
            "parseuri": "0.0.6",
            "ws": "~7.4.2",
            "xmlhttprequest-ssl": "~1.5.4",
            "yeast": "0.1.2"
          },
          "dependencies": {
            "debug": {
              "version": "3.1.0",
              "resolved": "https://registry.npmjs.org/debug/-/debug-3.1.0.tgz",
              "integrity": "sha512-OX8XqP7/1a9cqkxYw2yXss15f26NKWBpDXQd0/uK/KPqdQhxbPa994hnzjcE2VqQpDslf55723cKPUOGSmMY3g==",
              "requires": {
                "ms": "2.0.0"
              }
            },
            "ms": {
              "version": "2.0.0",
              "resolved": "https://registry.npmjs.org/ms/-/ms-2.0.0.tgz",
              "integrity": "sha1-VgiurfwAvmwpAd9fmGF4jeDVl8g="
            }
          }
        },
        "engine.io-parser": {
          "version": "2.2.1",
          "resolved": "https://registry.npmjs.org/engine.io-parser/-/engine.io-parser-2.2.1.tgz",
          "integrity": "sha512-x+dN/fBH8Ro8TFwJ+rkB2AmuVw9Yu2mockR/p3W8f8YtExwFgDvBDi0GWyb4ZLkpahtDGZgtr3zLovanJghPqg==",
          "requires": {
            "after": "0.8.2",
            "arraybuffer.slice": "~0.0.7",
            "base64-arraybuffer": "0.1.4",
            "blob": "0.0.5",
            "has-binary2": "~1.0.2"
          }
        },
        "isarray": {
          "version": "2.0.1",
          "resolved": "https://registry.npmjs.org/isarray/-/isarray-2.0.1.tgz",
          "integrity": "sha1-o32U7ZzaLVmGXJ92/llu4fM4dB4="
        },
        "ms": {
          "version": "2.1.3",
          "resolved": "https://registry.npmjs.org/ms/-/ms-2.1.3.tgz",
          "integrity": "sha512-6FlzubTLZG3J2a/NVCAleEhjzq5oxgHyaCU9yYXvcLsvoVaHJq/s5xXI6/XXP6tz7R9xAOtHnSO/tXtF3WRTlA=="
        },
        "parseqs": {
          "version": "0.0.6",
          "resolved": "https://registry.npmjs.org/parseqs/-/parseqs-0.0.6.tgz",
          "integrity": "sha512-jeAGzMDbfSHHA091hr0r31eYfTig+29g3GKKE/PPbEQ65X0lmMwlEoqmhzu0iztID5uJpZsFlUPDP8ThPL7M8w=="
        },
        "parseuri": {
          "version": "0.0.6",
          "resolved": "https://registry.npmjs.org/parseuri/-/parseuri-0.0.6.tgz",
          "integrity": "sha512-AUjen8sAkGgao7UyCX6Ahv0gIK2fABKmYjvP4xmy5JaKvcbTRueIqIPHLAfq30xJddqSE033IOMUSOMCcK3Sow=="
        },
        "socket.io-client": {
          "version": "2.4.0",
          "resolved": "https://registry.npmjs.org/socket.io-client/-/socket.io-client-2.4.0.tgz",
          "integrity": "sha512-M6xhnKQHuuZd4Ba9vltCLT9oa+YvTsP8j9NcEiLElfIg8KeYPyhWOes6x4t+LTAC8enQbE/995AdTem2uNyKKQ==",
          "requires": {
            "backo2": "1.0.2",
            "component-bind": "1.0.0",
            "component-emitter": "~1.3.0",
            "debug": "~3.1.0",
            "engine.io-client": "~3.5.0",
            "has-binary2": "~1.0.2",
            "indexof": "0.0.1",
            "parseqs": "0.0.6",
            "parseuri": "0.0.6",
            "socket.io-parser": "~3.3.0",
            "to-array": "0.1.4"
          },
          "dependencies": {
            "debug": {
              "version": "3.1.0",
              "resolved": "https://registry.npmjs.org/debug/-/debug-3.1.0.tgz",
              "integrity": "sha512-OX8XqP7/1a9cqkxYw2yXss15f26NKWBpDXQd0/uK/KPqdQhxbPa994hnzjcE2VqQpDslf55723cKPUOGSmMY3g==",
              "requires": {
                "ms": "2.0.0"
              }
            },
            "ms": {
              "version": "2.0.0",
              "resolved": "https://registry.npmjs.org/ms/-/ms-2.0.0.tgz",
              "integrity": "sha1-VgiurfwAvmwpAd9fmGF4jeDVl8g="
            },
            "socket.io-parser": {
              "version": "3.3.2",
              "resolved": "https://registry.npmjs.org/socket.io-parser/-/socket.io-parser-3.3.2.tgz",
              "integrity": "sha512-FJvDBuOALxdCI9qwRrO/Rfp9yfndRtc1jSgVgV8FDraihmSP/MLGD5PEuJrNfjALvcQ+vMDM/33AWOYP/JSjDg==",
              "requires": {
                "component-emitter": "~1.3.0",
                "debug": "~3.1.0",
                "isarray": "2.0.1"
              }
            }
          }
        },
        "socket.io-parser": {
          "version": "3.4.1",
          "resolved": "https://registry.npmjs.org/socket.io-parser/-/socket.io-parser-3.4.1.tgz",
          "integrity": "sha512-11hMgzL+WCLWf1uFtHSNvliI++tcRUWdoeYuwIl+Axvwy9z2gQM+7nJyN3STj1tLj5JyIUH8/gpDGxzAlDdi0A==",
          "requires": {
            "component-emitter": "1.2.1",
            "debug": "~4.1.0",
            "isarray": "2.0.1"
          },
          "dependencies": {
            "component-emitter": {
              "version": "1.2.1",
              "resolved": "https://registry.npmjs.org/component-emitter/-/component-emitter-1.2.1.tgz",
              "integrity": "sha1-E3kY1teCg/ffemt8WmPhQOaUJeY="
            }
          }
        },
        "ws": {
          "version": "7.4.2",
          "resolved": "https://registry.npmjs.org/ws/-/ws-7.4.2.tgz",
          "integrity": "sha512-T4tewALS3+qsrpGI/8dqNMLIVdq/g/85U98HPMa6F0m6xTbvhXU6RCQLqPH3+SlomNV/LdY6RXEbBpMH6EOJnA=="
        }
      }
    },
    "socket.io-adapter": {
      "version": "1.1.1",
      "resolved": "https://registry.npmjs.org/socket.io-adapter/-/socket.io-adapter-1.1.1.tgz",
      "integrity": "sha1-KoBeihTWNyEk3ZFZrUUC+MsH8Gs="
    },
    "source-map-loader": {
      "version": "0.2.3",
      "resolved": "https://registry.npmjs.org/source-map-loader/-/source-map-loader-0.2.3.tgz",
      "integrity": "sha512-MYbFX9DYxmTQFfy2v8FC1XZwpwHKYxg3SK8Wb7VPBKuhDjz8gi9re2819MsG4p49HDyiOSUKlmZ+nQBArW5CGw==",
      "dev": true,
      "dependencies": {
        "async": {
          "version": "2.6.0",
          "resolved": "https://registry.npmjs.org/async/-/async-2.6.0.tgz",
          "integrity": "sha512-xAfGg1/NTLBBKlHFmnd7PlmUW9KhVQIUuSrYem9xzFUZy13ScvtyGGejaae9iAVRiRq9+Cx7DPFaAAhCpyxyPw=="
        },
        "loader-utils": {
          "version": "0.2.17",
          "resolved": "https://registry.npmjs.org/loader-utils/-/loader-utils-0.2.17.tgz",
          "integrity": "sha1-+G5jdNQyBabmxg6RlvF8Apm/s0g="
        },
        "source-map": {
          "version": "0.6.1",
          "resolved": "https://registry.npmjs.org/source-map/-/source-map-0.6.1.tgz",
          "integrity": "sha512-UjgapumWlbMhkBgzT7Ykc5YXUT46F0iKu8SGXq0bcwP5dz/h0Plj6enJqjz1Zbq2l5WaqYnrVbwWOWMyF3F47g=="
        }
      }
    },
    "to-array": {
      "version": "0.1.4",
      "resolved": "https://registry.npmjs.org/to-array/-/to-array-0.1.4.tgz",
      "integrity": "sha1-F+bBH3PdTz10zaek/zI46a2b+JA="
    },
    "typescript": {
      "version": "2.8.3",
      "resolved": "https://registry.npmjs.org/typescript/-/typescript-2.8.3.tgz",
      "integrity": "sha512-K7g15Bb6Ra4lKf7Iq2l/I5/En+hLIHmxWZGq3D4DIRNFxMNV6j2SHSvDOqs2tGd4UvD/fJvrwopzQXjLrT7Itw=="
    },
    "uglifyjs-webpack-plugin": {
      "version": "1.2.5",
      "resolved": "https://registry.npmjs.org/uglifyjs-webpack-plugin/-/uglifyjs-webpack-plugin-1.2.5.tgz",
      "integrity": "sha512-hIQJ1yxAPhEA2yW/i7Fr+SXZVMp+VEI3d42RTHBgQd2yhp/1UdBcR3QEWPV5ahBxlqQDMEMTuTEvDHSFINfwSw==",
      "dev": true,
      "dependencies": {
        "source-map": {
          "version": "0.6.1",
          "resolved": "https://registry.npmjs.org/source-map/-/source-map-0.6.1.tgz",
          "integrity": "sha512-UjgapumWlbMhkBgzT7Ykc5YXUT46F0iKu8SGXq0bcwP5dz/h0Plj6enJqjz1Zbq2l5WaqYnrVbwWOWMyF3F47g=="
        },
        "uglify-es": {
          "version": "3.3.9",
          "resolved": "https://registry.npmjs.org/uglify-es/-/uglify-es-3.3.9.tgz",
          "integrity": "sha512-r+MU0rfv4L/0eeW3xZrd16t4NZfK8Ld4SWVglYBb7ez5uXFWHuVRs6xCTrf1yirs9a4j4Y27nn7SRfO6v67XsQ=="
        }
      }
    },
    "webpack": {
      "version": "4.8.2",
      "resolved": "https://registry.npmjs.org/webpack/-/webpack-4.8.2.tgz",
      "integrity": "sha512-XiNJPL08WU+lNhnbFyqbmBjUb/9Gu5WN79ArIzscjZxfsxzR+/6RWT8M486P1QJLEyOuJeksqRly3+aBRHzA+g==",
      "dev": true,
      "dependencies": {
        "acorn": {
          "version": "5.5.3",
          "resolved": "https://registry.npmjs.org/acorn/-/acorn-5.5.3.tgz",
          "integrity": "sha512-jd5MkIUlbbmb07nXH0DT3y7rDVtkzDi4XZOUVWAer8ajmF/DTSSbl5oNFyDOl/OXA33Bl79+ypHhl2pN20VeOQ=="
        }
      }
    },
    "webpack-cli": {
      "version": "2.1.3",
      "resolved": "https://registry.npmjs.org/webpack-cli/-/webpack-cli-2.1.3.tgz",
      "integrity": "sha512-5AsKoL/Ccn8iTrwk3uErdyhetGH+c7VRQ7Itim2GL0IhBRq5rtojVDk00buMRmFmBpw1RvHXq97Gup965LbozA==",
      "dev": true,
      "dependencies": {
        "cliui": {
          "version": "4.1.0",
          "resolved": "https://registry.npmjs.org/cliui/-/cliui-4.1.0.tgz",
          "integrity": "sha512-4FG+RSG9DL7uEwRUZXZn3SS34DiDPfzP0VOiEwtUWlE+AR2EIg+hSyvrIgUUfhdgR/UkAeW2QHgeP+hWrXs7jQ=="
        },
        "y18n": {
          "version": "3.2.1",
          "resolved": "https://registry.npmjs.org/y18n/-/y18n-3.2.1.tgz",
          "integrity": "sha1-bRX7qITAhnnA136I53WegR4H+kE="
        },
        "yargs": {
          "version": "11.1.0",
          "resolved": "https://registry.npmjs.org/yargs/-/yargs-11.1.0.tgz",
          "integrity": "sha512-NwW69J42EsCSanF8kyn5upxvjp5ds+t3+udGBeTbFnERA+lF541DDpMawzo4z6W/QrzNM18D+BPMiOBibnFV5A=="
        }
      }
    },
    "webpack-merge": {
      "version": "4.1.2",
      "resolved": "https://registry.npmjs.org/webpack-merge/-/webpack-merge-4.1.2.tgz",
      "integrity": "sha512-/0QYwW/H1N/CdXYA2PNPVbsxO3u2Fpz34vs72xm03SRfg6bMNGfMJIQEpQjKRvkG2JvT6oRJFpDtSrwbX8Jzvw==",
      "dev": true
    },
    "xmlhttprequest-ssl": {
      "version": "1.5.5",
      "resolved": "https://registry.npmjs.org/xmlhttprequest-ssl/-/xmlhttprequest-ssl-1.5.5.tgz",
      "integrity": "sha1-wodrBhaKrcQOV9l+gRkayPQ5iz4="
    },
    "yeast": {
      "version": "0.1.2",
      "resolved": "https://registry.npmjs.org/yeast/-/yeast-0.1.2.tgz",
      "integrity": "sha1-AI4G2AlDIMNy28L47XagymyKxBk="
    }
  }
}
